// !$*UTF8*$!
{
	archiveVersion = 1;
	classes = {
	};
	objectVersion = 46;
	objects = {

/* Begin PBXBuildFile section */
		F52991A51EC1DF5F00886CFB /* AppDelegate.swift in Sources */ = {isa = PBXBuildFile; fileRef = F52991A41EC1DF5F00886CFB /* AppDelegate.swift */; };
		F52991A71EC1DF5F00886CFB /* ViewController.swift in Sources */ = {isa = PBXBuildFile; fileRef = F52991A61EC1DF5F00886CFB /* ViewController.swift */; };
		F52991AA1EC1DF5F00886CFB /* Main.storyboard in Resources */ = {isa = PBXBuildFile; fileRef = F52991A81EC1DF5F00886CFB /* Main.storyboard */; };
		F52991AC1EC1DF5F00886CFB /* Assets.xcassets in Resources */ = {isa = PBXBuildFile; fileRef = F52991AB1EC1DF5F00886CFB /* Assets.xcassets */; };
		F52991AF1EC1DF5F00886CFB /* LaunchScreen.storyboard in Resources */ = {isa = PBXBuildFile; fileRef = F52991AD1EC1DF5F00886CFB /* LaunchScreen.storyboard */; };
/* End PBXBuildFile section */

/* Begin PBXFileReference section */
		F52991A11EC1DF5F00886CFB /* Chron.app */ = {isa = PBXFileReference; explicitFileType = wrapper.application; includeInIndex = 0; path = Chron.app; sourceTree = BUILT_PRODUCTS_DIR; };
		F52991A41EC1DF5F00886CFB /* AppDelegate.swift */ = {isa = PBXFileReference; lastKnownFileType = sourcecode.swift; path = AppDelegate.swift; sourceTree = "<group>"; };
		F52991A61EC1DF5F00886CFB /* ViewController.swift */ = {isa = PBXFileReference; lastKnownFileType = sourcecode.swift; path = ViewController.swift; sourceTree = "<group>"; };
		F52991A91EC1DF5F00886CFB /* Base */ = {isa = PBXFileReference; lastKnownFileType = file.storyboard; name = Base; path = Base.lproj/Main.storyboard; sourceTree = "<group>"; };
		F52991AB1EC1DF5F00886CFB /* Assets.xcassets */ = {isa = PBXFileReference; lastKnownFileType = folder.assetcatalog; path = Assets.xcassets; sourceTree = "<group>"; };
		F52991AE1EC1DF5F00886CFB /* Base */ = {isa = PBXFileReference; lastKnownFileType = file.storyboard; name = Base; path = Base.lproj/LaunchScreen.storyboard; sourceTree = "<group>"; };
		F52991B01EC1DF5F00886CFB /* Info.plist */ = {isa = PBXFileReference; lastKnownFileType = text.plist.xml; path = Info.plist; sourceTree = "<group>"; };
/* End PBXFileReference section */

/* Begin PBXFrameworksBuildPhase section */
		F529919E1EC1DF5F00886CFB /* Frameworks */ = {
			isa = PBXFrameworksBuildPhase;
			buildActionMask = 2147483647;
			files = (
			);
			runOnlyForDeploymentPostprocessing = 0;
		};
/* End PBXFrameworksBuildPhase section */

/* Begin PBXGroup section */
		F52991981EC1DF5F00886CFB = {
			isa = PBXGroup;
			children = (
				F52991A31EC1DF5F00886CFB /* Chron */,
				F52991A21EC1DF5F00886CFB /* Products */,
			);
			sourceTree = "<group>";
		};
		F52991A21EC1DF5F00886CFB /* Products */ = {
			isa = PBXGroup;
			children = (
				F52991A11EC1DF5F00886CFB /* Chron.app */,
			);
			name = Products;
			sourceTree = "<group>";
		};
		F52991A31EC1DF5F00886CFB /* Chron */ = {
			isa = PBXGroup;
			children = (
				F52991A41EC1DF5F00886CFB /* AppDelegate.swift */,
				F52991A61EC1DF5F00886CFB /* ViewController.swift */,
				F52991A81EC1DF5F00886CFB /* Main.storyboard */,
				F52991AB1EC1DF5F00886CFB /* Assets.xcassets */,
				F52991AD1EC1DF5F00886CFB /* LaunchScreen.storyboard */,
				F52991B01EC1DF5F00886CFB /* Info.plist */,
			);
			path = Chron;
			sourceTree = "<group>";
		};
/* End PBXGroup section */

/* Begin PBXNativeTarget section */
		F52991A01EC1DF5F00886CFB /* Chron */ = {
			isa = PBXNativeTarget;
			buildConfigurationList = F52991B31EC1DF5F00886CFB /* Build configuration list for PBXNativeTarget "Chron" */;
			buildPhases = (
				F529919D1EC1DF5F00886CFB /* Sources */,
				F529919E1EC1DF5F00886CFB /* Frameworks */,
				F529919F1EC1DF5F00886CFB /* Resources */,
			);
			buildRules = (
			);
			dependencies = (
			);
			name = Chron;
			productName = Chron;
			productReference = F52991A11EC1DF5F00886CFB /* Chron.app */;
			productType = "com.apple.product-type.application";
		};
/* End PBXNativeTarget section */

/* Begin PBXProject section */
		F52991991EC1DF5F00886CFB /* Project object */ = {
			isa = PBXProject;
			attributes = {
				LastSwiftUpdateCheck = 0820;
				LastUpgradeCheck = 0820;
				ORGANIZATIONNAME = vladCh;
				TargetAttributes = {
					F52991A01EC1DF5F00886CFB = {
						CreatedOnToolsVersion = 8.2.1;
						DevelopmentTeam = NYBC469U45;
						ProvisioningStyle = Automatic;
					};
				};
			};
			buildConfigurationList = F529919C1EC1DF5F00886CFB /* Build configuration list for PBXProject "Chron" */;
			compatibilityVersion = "Xcode 3.2";
			developmentRegion = English;
			hasScannedForEncodings = 0;
			knownRegions = (
				en,
				Base,
			);
			mainGroup = F52991981EC1DF5F00886CFB;
			productRefGroup = F52991A21EC1DF5F00886CFB /* Products */;
			projectDirPath = "";
			projectRoot = "";
			targets = (
				F52991A01EC1DF5F00886CFB /* Chron */,
			);
		};
/* End PBXProject section */

/* Begin PBXResourcesBuildPhase section */
		F529919F1EC1DF5F00886CFB /* Resources */ = {
			isa = PBXResourcesBuildPhase;
			buildActionMask = 2147483647;
			files = (
				F52991AF1EC1DF5F00886CFB /* LaunchScreen.storyboard in Resources */,
				F52991AC1EC1DF5F00886CFB /* Assets.xcassets in Resources */,
				F52991AA1EC1DF5F00886CFB /* Main.storyboard in Resources */,
			);
			runOnlyForDeploymentPostprocessing = 0;
		};
/* End PBXResourcesBuildPhase section */

/* Begin PBXSourcesBuildPhase section */
		F529919D1EC1DF5F00886CFB /* Sources */ = {
			isa = PBXSourcesBuildPhase;
			buildActionMask = 2147483647;
			files = (
				F52991A71EC1DF5F00886CFB /* ViewController.swift in Sources */,
				F52991A51EC1DF5F00886CFB /* AppDelegate.swift in Sources */,
			);
			runOnlyForDeploymentPostprocessing = 0;
		};
/* End PBXSourcesBuildPhase section */

/* Begin PBXVariantGroup section */
		F52991A81EC1DF5F00886CFB /* Main.storyboard */ = {
			isa = PBXVariantGroup;
			children = (
				F52991A91EC1DF5F00886CFB /* Base */,
			);
			name = Main.storyboard;
			sourceTree = "<group>";
		};
		F52991AD1EC1DF5F00886CFB /* LaunchScreen.storyboard */ = {
			isa = PBXVariantGroup;
			children = (
				F52991AE1EC1DF5F00886CFB /* Base */,
			);
			name = LaunchScreen.storyboard;
			sourceTree = "<group>";
		};
/* End PBXVariantGroup section */

/* Begin XCBuildConfiguration section */
		F52991B11EC1DF5F00886CFB /* Debug */ = {
			isa = XCBuildConfiguration;
			buildSettings = {
				ALWAYS_SEARCH_USER_PATHS = NO;
				CLANG_ANALYZER_NONNULL = YES;
				CLANG_CXX_LANGUAGE_STANDARD = "gnu++0x";
				CLANG_CXX_LIBRARY = "libc++";
				CLANG_ENABLE_MODULES = YES;
				CLANG_ENABLE_OBJC_ARC = YES;
				CLANG_WARN_BOOL_CONVERSION = YES;
				CLANG_WARN_CONSTANT_CONVERSION = YES;
				CLANG_WARN_DIRECT_OBJC_ISA_USAGE = YES_ERROR;
				CLANG_WARN_DOCUMENTATION_COMMENTS = YES;
				CLANG_WARN_EMPTY_BODY = YES;
				CLANG_WARN_ENUM_CONVERSION = YES;
				CLANG_WARN_INFINITE_RECURSION = YES;
				CLANG_WARN_INT_CONVERSION = YES;
				CLANG_WARN_OBJC_ROOT_CLASS = YES_ERROR;
				CLANG_WARN_SUSPICIOUS_MOVE = YES;
				CLANG_WARN_UNREACHABLE_CODE = YES;
				CLANG_WARN__DUPLICATE_METHOD_MATCH = YES;
				"CODE_SIGN_IDENTITY[sdk=iphoneos*]" = "iPhone Developer";
				COPY_PHASE_STRIP = NO;
				DEBUG_INFORMATION_FORMAT = dwarf;
				ENABLE_STRICT_OBJC_MSGSEND = YES;
				ENABLE_TESTABILITY = YES;
				GCC_C_LANGUAGE_STANDARD = gnu99;
				GCC_DYNAMIC_NO_PIC = NO;
				GCC_NO_COMMON_BLOCKS = YES;
				GCC_OPTIMIZATION_LEVEL = 0;
				GCC_PREPROCESSOR_DEFINITIONS = (
					"DEBUG=1",
					"$(inherited)",
				);
				GCC_WARN_64_TO_32_BIT_CONVERSION = YES;
				GCC_WARN_ABOUT_RETURN_TYPE = YES_ERROR;
				GCC_WARN_UNDECLARED_SELECTOR = YES;
				GCC_WARN_UNINITIALIZED_AUTOS = YES_AGGRESSIVE;
				GCC_WARN_UNUSED_FUNCTION = YES;
				GCC_WARN_UNUSED_VARIABLE = YES;
				IPHONEOS_DEPLOYMENT_TARGET = 10.2;
				MTL_ENABLE_DEBUG_INFO = YES;
				ONLY_ACTIVE_ARCH = YES;
				SDKROOT = iphoneos;
				SWIFT_ACTIVE_COMPILATION_CONDITIONS = DEBUG;
				SWIFT_OPTIMIZATION_LEVEL = "-Onone";
				TARGETED_DEVICE_FAMILY = "1,2";
			};
			name = Debug;
		};
		F52991B21EC1DF5F00886CFB /* Release */ = {
			isa = XCBuildConfiguration;
			buildSettings = {
				ALWAYS_SEARCH_USER_PATHS = NO;
				CLANG_ANALYZER_NONNULL = YES;
				CLANG_CXX_LANGUAGE_STANDARD = "gnu++0x";
				CLANG_CXX_LIBRARY = "libc++";
				CLANG_ENABLE_MODULES = YES;
				CLANG_ENABLE_OBJC_ARC = YES;
				CLANG_WARN_BOOL_CONVERSION = YES;
				CLANG_WARN_CONSTANT_CONVERSION = YES;
				CLANG_WARN_DIRECT_OBJC_ISA_USAGE = YES_ERROR;
				CLANG_WARN_DOCUMENTATION_COMMENTS = YES;
				CLANG_WARN_EMPTY_BODY = YES;
				CLANG_WARN_ENUM_CONVERSION = YES;
				CLANG_WARN_INFINITE_RECURSION = YES;
				CLANG_WARN_INT_CONVERSION = YES;
				CLANG_WARN_OBJC_ROOT_CLASS = YES_ERROR;
				CLANG_WARN_SUSPICIOUS_MOVE = YES;
				CLANG_WARN_UNREACHABLE_CODE = YES;
				CLANG_WARN__DUPLICATE_METHOD_MATCH = YES;
				"CODE_SIGN_IDENTITY[sdk=iphoneos*]" = "iPhone Developer";
				COPY_PHASE_STRIP = NO;
				DEBUG_INFORMATION_FORMAT = "dwarf-with-dsym";
				ENABLE_NS_ASSERTIONS = NO;
				ENABLE_STRICT_OBJC_MSGSEND = YES;
				GCC_C_LANGUAGE_STANDARD = gnu99;
				GCC_NO_COMMON_BLOCKS = YES;
				GCC_WARN_64_TO_32_BIT_CONVERSION = YES;
				GCC_WARN_ABOUT_RETURN_TYPE = YES_ERROR;
				GCC_WARN_UNDECLARED_SELECTOR = YES;
				GCC_WARN_UNINITIALIZED_AUTOS = YES_AGGRESSIVE;
				GCC_WARN_UNUSED_FUNCTION = YES;
				GCC_WARN_UNUSED_VARIABLE = YES;
				IPHONEOS_DEPLOYMENT_TARGET = 10.2;
				MTL_ENABLE_DEBUG_INFO = NO;
				SDKROOT = iphoneos;
				SWIFT_OPTIMIZATION_LEVEL = "-Owholemodule";
				TARGETED_DEVICE_FAMILY = "1,2";
				VALIDATE_PRODUCT = YES;
			};
			name = Release;
		};
		F52991B41EC1DF5F00886CFB /* Debug */ = {
			isa = XCBuildConfiguration;
			buildSettings = {
				ASSETCATALOG_COMPILER_APPICON_NAME = AppIcon;
				DEVELOPMENT_TEAM = NYBC469U45;
				INFOPLIST_FILE = Chron/Info.plist;
				LD_RUNPATH_SEARCH_PATHS = "$(inherited) @executable_path/Frameworks";
				PRODUCT_BUNDLE_IDENTIFIER = vladCh.Chron;
				PRODUCT_NAME = "$(TARGET_NAME)";
				SWIFT_VERSION = 3.0;
			};
			name = Debug;
		};
		F52991B51EC1DF5F00886CFB /* Release */ = {
			isa = XCBuildConfiguration;
			buildSettings = {
				ASSETCATALOG_COMPILER_APPICON_NAME = AppIcon;
				DEVELOPMENT_TEAM = NYBC469U45;
				INFOPLIST_FILE = Chron/Info.plist;
				LD_RUNPATH_SEARCH_PATHS = "$(inherited) @executable_path/Frameworks";
				PRODUCT_BUNDLE_IDENTIFIER = vladCh.Chron;
				PRODUCT_NAME = "$(TARGET_NAME)";
				SWIFT_VERSION = 3.0;
			};
			name = Release;
		};
/* End XCBuildConfiguration section */

/* Begin XCConfigurationList section */
		F529919C1EC1DF5F00886CFB /* Build configuration list for PBXProject "Chron" */ = {
			isa = XCConfigurationList;
			buildConfigurations = (
				F52991B11EC1DF5F00886CFB /* Debug */,
				F52991B21EC1DF5F00886CFB /* Release */,
			);
			defaultConfigurationIsVisible = 0;
			defaultConfigurationName = Release;
		};
		F52991B31EC1DF5F00886CFB /* Build configuration list for PBXNativeTarget "Chron" */ = {
			isa = XCConfigurationList;
			buildConfigurations = (
				F52991B41EC1DF5F00886CFB /* Debug */,
				F52991B51EC1DF5F00886CFB /* Release */,
			);
			defaultConfigurationIsVisible = 0;
		};
/* End XCConfigurationList section */
	};
	rootObject = F52991991EC1DF5F00886CFB /* Project object */;
}
